
Microsoft Visual Studio Solution File, Format Version 12.00
# Visual Studio Version 16
VisualStudioVersion = 16.0.31729.503
MinimumVisualStudioVersion = 10.0.40219.1
Project("{FAE04EC0-301F-11D3-BF4B-00C04F79EFBC}") = "User Interface", "TP5 - Programacion Visual - Dario Piriz\User Interface.csproj", "{068B9DA2-C988-43C8-A29A-10A4ADBA8E13}"
EndProject
Global
	GlobalSection(SolutionConfigurationPlatforms) = preSolution
		Debug|Any CPU = Debug|Any CPU
		Release|Any CPU = Release|Any CPU
	EndGlobalSection
	GlobalSection(ProjectConfigurationPlatforms) = postSolution
		{068B9DA2-C988-43C8-A29A-10A4ADBA8E13}.Debug|Any CPU.ActiveCfg = Debug|Any CPU
		{068B9DA2-C988-43C8-A29A-10A4ADBA8E13}.Debug|Any CPU.Build.0 = Debug|Any CPU
		{068B9DA2-C988-43C8-A29A-10A4ADBA8E13}.Release|Any CPU.ActiveCfg = Release|Any CPU
		{068B9DA2-C988-43C8-A29A-10A4ADBA8E13}.Release|Any CPU.Build.0 = Release|Any CPU
	EndGlobalSection
	GlobalSection(SolutionProperties) = preSolution
		HideSolutionNode = FALSE
	EndGlobalSection
	GlobalSection(ExtensibilityGlobals) = postSolution
		SolutionGuid = {7BBC6BC0-CB76-4AA8-B095-8A6855079D58}
	EndGlobalSection
EndGlobal
